
Microsoft Visual Studio Solution File, Format Version 12.00
# Visual Studio Version 17
VisualStudioVersion = 17.13.35931.197
MinimumVisualStudioVersion = 10.0.40219.1
Project("{FAE04EC0-301F-11D3-BF4B-00C04F79EFBC}") = "Lab_3TI", "Lab_3TI\Lab_3TI.csproj", "{FAC4E812-72C3-49AE-B6A2-09229C8E06AD}"
EndProject
Project("{FAE04EC0-301F-11D3-BF4B-00C04F79EFBC}") = "LoopInvariantChecker.Tests", "LoopInvariantChecker.Tests\LoopInvariantChecker.Tests.csproj", "{9F775BEF-198E-416F-AB3E-DE700B530477}"
EndProject
Global
	GlobalSection(SolutionConfigurationPlatforms) = preSolution
		Debug|Any CPU = Debug|Any CPU
		Release|Any CPU = Release|Any CPU
	EndGlobalSection
	GlobalSection(ProjectConfigurationPlatforms) = postSolution
		{FAC4E812-72C3-49AE-B6A2-09229C8E06AD}.Debug|Any CPU.ActiveCfg = Debug|Any CPU
		{FAC4E812-72C3-49AE-B6A2-09229C8E06AD}.Debug|Any CPU.Build.0 = Debug|Any CPU
		{FAC4E812-72C3-49AE-B6A2-09229C8E06AD}.Release|Any CPU.ActiveCfg = Release|Any CPU
		{FAC4E812-72C3-49AE-B6A2-09229C8E06AD}.Release|Any CPU.Build.0 = Release|Any CPU
		{9F775BEF-198E-416F-AB3E-DE700B530477}.Debug|Any CPU.ActiveCfg = Debug|Any CPU
		{9F775BEF-198E-416F-AB3E-DE700B530477}.Debug|Any CPU.Build.0 = Debug|Any CPU
		{9F775BEF-198E-416F-AB3E-DE700B530477}.Release|Any CPU.ActiveCfg = Release|Any CPU
		{9F775BEF-198E-416F-AB3E-DE700B530477}.Release|Any CPU.Build.0 = Release|Any CPU
	EndGlobalSection
	GlobalSection(SolutionProperties) = preSolution
		HideSolutionNode = FALSE
	EndGlobalSection
	GlobalSection(ExtensibilityGlobals) = postSolution
		SolutionGuid = {C0101753-055E-4D85-B2B8-01F4004AD642}
	EndGlobalSection
EndGlobal
